# This file is generated by running "yarn install" inside your project.
# Manual changes might be lost - proceed with caution!

__metadata:
  version: 6
  cacheKey: 8

"@types/bun@latest":
  version: 1.1.14
  resolution: "@types/bun@npm:1.1.14"
  dependencies:
    bun-types: 1.1.37
  checksum: 2ed1cb533af81b399752302fb416d32971f8f478567240c9d39245e57bf9b723461f66672d8ab6b93a1376fedcae31747674afed34a57042bc525c46118ac93e
  languageName: node
  linkType: hard

"@types/node@npm:*":
  version: 22.10.2
  resolution: "@types/node@npm:22.10.2"
  dependencies:
    undici-types: ~6.20.0
  checksum: b22401e6e7d1484e437d802c72f5560e18100b1257b9ad0574d6fe05bebe4dbcb620ea68627d1f1406775070d29ace8b6b51f57e7b1c7b8bafafe6da7f29c843
  languageName: node
  linkType: hard

"@types/node@npm:~20.12.8":
  version: 20.12.14
  resolution: "@types/node@npm:20.12.14"
  dependencies:
    undici-types: ~5.26.4
  checksum: f6071bcf87f04f9bcc04d50f5ae2b29bf7d45410390e3ce0a29ed78b2d7420de710f3416f8432541b9f297a344b80c9d570de2848fefe3f801688270fd8ee5a5
  languageName: node
  linkType: hard

"@types/ws@npm:~8.5.10":
  version: 8.5.13
  resolution: "@types/ws@npm:8.5.13"
  dependencies:
    "@types/node": "*"
  checksum: f17023ce7b89c6124249c90211803a4aaa02886e12bc2d0d2cd47fa665eeb058db4d871ce4397d8e423f6beea97dd56835dd3fdbb921030fe4d887601e37d609
  languageName: node
  linkType: hard

"@zk-email/relayer-utils@workspace:.":
  version: 0.0.0-use.local
  resolution: "@zk-email/relayer-utils@workspace:."
  dependencies:
    "@types/bun": latest
    prettier: ^3.3.3
  peerDependencies:
    typescript: ^5.0.0
  languageName: unknown
  linkType: soft

"bun-types@npm:1.1.37":
  version: 1.1.37
  resolution: "bun-types@npm:1.1.37"
  dependencies:
    "@types/node": ~20.12.8
    "@types/ws": ~8.5.10
  checksum: 21a8d9364d1e411742a488364e79d70622d97e28db4b5a23af01448fa3df6c253e6955ee13ceb8d234043e510bf037cb5427281e76e57e3bf16420407d7cf55d
  languageName: node
  linkType: hard

"prettier@npm:^3.3.3":
  version: 3.4.2
  resolution: "prettier@npm:3.4.2"
  bin:
    prettier: bin/prettier.cjs
  checksum: 061c84513db62d3944c8dc8df36584dad82883ce4e49efcdbedd8703dce5b173c33fd9d2a4e1725d642a3b713c932b55418342eaa347479bc4a9cca114a04cd0
  languageName: node
  linkType: hard

"undici-types@npm:~5.26.4":
  version: 5.26.5
  resolution: "undici-types@npm:5.26.5"
  checksum: 3192ef6f3fd5df652f2dc1cd782b49d6ff14dc98e5dced492aa8a8c65425227da5da6aafe22523c67f035a272c599bb89cfe803c1db6311e44bed3042fc25487
  languageName: node
  linkType: hard

"undici-types@npm:~6.20.0":
  version: 6.20.0
  resolution: "undici-types@npm:6.20.0"
  checksum: b7bc50f012dc6afbcce56c9fd62d7e86b20a62ff21f12b7b5cbf1973b9578d90f22a9c7fe50e638e96905d33893bf2f9f16d98929c4673c2480de05c6c96ea8b
  languageName: node
  linkType: hard
